
Microsoft Visual Studio Solution File, Format Version 12.00
# Visual Studio Version 17
VisualStudioVersion = 17.0.31903.59
MinimumVisualStudioVersion = 10.0.40219.1
Project("{FAE04EC0-301F-11D3-BF4B-00C04F79EFBC}") = "UserManagementService.Web", "UserManagementService.Web\UserManagementService.Web.csproj", "{2F8D2642-5ED5-4702-A715-683E00D170E5}"
EndProject
Project("{FAE04EC0-301F-11D3-BF4B-00C04F79EFBC}") = "UserManagementService.Infrastructure", "UserManagementService.Infrastructure\UserManagementService.Infrastructure.csproj", "{CE142353-F2E2-4CA8-8CB7-C67CBCCC4C87}"
EndProject
Project("{FAE04EC0-301F-11D3-BF4B-00C04F79EFBC}") = "UserManagementService.Domain", "UserManagementService.Domain\UserManagementService.Domain.csproj", "{343BB052-5CFC-4893-8A93-CBFD1A22C893}"
EndProject
Project("{FAE04EC0-301F-11D3-BF4B-00C04F79EFBC}") = "UserManagementService.Application", "UserManagementService.Application\UserManagementService.Application.csproj", "{A96F93F4-DC98-4EB9-A319-655245F62254}"
EndProject
Global
	GlobalSection(SolutionConfigurationPlatforms) = preSolution
		Debug|Any CPU = Debug|Any CPU
		Release|Any CPU = Release|Any CPU
	EndGlobalSection
	GlobalSection(SolutionProperties) = preSolution
		HideSolutionNode = FALSE
	EndGlobalSection
	GlobalSection(ProjectConfigurationPlatforms) = postSolution
		{2F8D2642-5ED5-4702-A715-683E00D170E5}.Debug|Any CPU.ActiveCfg = Debug|Any CPU
		{2F8D2642-5ED5-4702-A715-683E00D170E5}.Debug|Any CPU.Build.0 = Debug|Any CPU
		{2F8D2642-5ED5-4702-A715-683E00D170E5}.Release|Any CPU.ActiveCfg = Release|Any CPU
		{2F8D2642-5ED5-4702-A715-683E00D170E5}.Release|Any CPU.Build.0 = Release|Any CPU
		{CE142353-F2E2-4CA8-8CB7-C67CBCCC4C87}.Debug|Any CPU.ActiveCfg = Debug|Any CPU
		{CE142353-F2E2-4CA8-8CB7-C67CBCCC4C87}.Debug|Any CPU.Build.0 = Debug|Any CPU
		{CE142353-F2E2-4CA8-8CB7-C67CBCCC4C87}.Release|Any CPU.ActiveCfg = Release|Any CPU
		{CE142353-F2E2-4CA8-8CB7-C67CBCCC4C87}.Release|Any CPU.Build.0 = Release|Any CPU
		{343BB052-5CFC-4893-8A93-CBFD1A22C893}.Debug|Any CPU.ActiveCfg = Debug|Any CPU
		{343BB052-5CFC-4893-8A93-CBFD1A22C893}.Debug|Any CPU.Build.0 = Debug|Any CPU
		{343BB052-5CFC-4893-8A93-CBFD1A22C893}.Release|Any CPU.ActiveCfg = Release|Any CPU
		{343BB052-5CFC-4893-8A93-CBFD1A22C893}.Release|Any CPU.Build.0 = Release|Any CPU
		{A96F93F4-DC98-4EB9-A319-655245F62254}.Debug|Any CPU.ActiveCfg = Debug|Any CPU
		{A96F93F4-DC98-4EB9-A319-655245F62254}.Debug|Any CPU.Build.0 = Debug|Any CPU
		{A96F93F4-DC98-4EB9-A319-655245F62254}.Release|Any CPU.ActiveCfg = Release|Any CPU
		{A96F93F4-DC98-4EB9-A319-655245F62254}.Release|Any CPU.Build.0 = Release|Any CPU
	EndGlobalSection
EndGlobal
